
Microsoft Visual Studio Solution File, Format Version 12.00
# Visual Studio Version 16
VisualStudioVersion = 16.0.34031.81
MinimumVisualStudioVersion = 10.0.40219.1
Project("{F184B08F-C81C-45F6-A57F-5ABD9991F28F}") = "databasedemo", "databasedemo\databasedemo.vbproj", "{0CA65919-A750-4541-9937-8542238F2493}"
EndProject
Global
	GlobalSection(SolutionConfigurationPlatforms) = preSolution
		Debug|Any CPU = Debug|Any CPU
		Release|Any CPU = Release|Any CPU
	EndGlobalSection
	GlobalSection(ProjectConfigurationPlatforms) = postSolution
		{0CA65919-A750-4541-9937-8542238F2493}.Debug|Any CPU.ActiveCfg = Debug|Any CPU
		{0CA65919-A750-4541-9937-8542238F2493}.Debug|Any CPU.Build.0 = Debug|Any CPU
		{0CA65919-A750-4541-9937-8542238F2493}.Release|Any CPU.ActiveCfg = Release|Any CPU
		{0CA65919-A750-4541-9937-8542238F2493}.Release|Any CPU.Build.0 = Release|Any CPU
	EndGlobalSection
	GlobalSection(SolutionProperties) = preSolution
		HideSolutionNode = FALSE
	EndGlobalSection
	GlobalSection(ExtensibilityGlobals) = postSolution
		SolutionGuid = {02A024E0-E2EE-46D7-8221-82E857C52074}
	EndGlobalSection
EndGlobal
